// !$*UTF8*$!
{
	archiveVersion = 1;
	classes = {
	};
	objectVersion = 50;
	objects = {

/* Begin PBXBuildFile section */
		BCF00C1B2446FCD000DC4C4D /* AppDelegate.swift in Sources */ = {isa = PBXBuildFile; fileRef = BCF00C1A2446FCD000DC4C4D /* AppDelegate.swift */; };
		BCF00C1D2446FCD000DC4C4D /* SceneDelegate.swift in Sources */ = {isa = PBXBuildFile; fileRef = BCF00C1C2446FCD000DC4C4D /* SceneDelegate.swift */; };
		BCF00C1F2446FCD000DC4C4D /* ViewController.swift in Sources */ = {isa = PBXBuildFile; fileRef = BCF00C1E2446FCD000DC4C4D /* ViewController.swift */; };
		BCF00C222446FCD000DC4C4D /* Main.storyboard in Resources */ = {isa = PBXBuildFile; fileRef = BCF00C202446FCD000DC4C4D /* Main.storyboard */; };
		BCF00C242446FCD100DC4C4D /* Assets.xcassets in Resources */ = {isa = PBXBuildFile; fileRef = BCF00C232446FCD100DC4C4D /* Assets.xcassets */; };
		BCF00C272446FCD100DC4C4D /* LaunchScreen.storyboard in Resources */ = {isa = PBXBuildFile; fileRef = BCF00C252446FCD100DC4C4D /* LaunchScreen.storyboard */; };
		BCF00C322446FCD200DC4C4D /* WarCardGameTests.swift in Sources */ = {isa = PBXBuildFile; fileRef = BCF00C312446FCD200DC4C4D /* WarCardGameTests.swift */; };
		BCF00C3D2446FCD200DC4C4D /* WarCardGameUITests.swift in Sources */ = {isa = PBXBuildFile; fileRef = BCF00C3C2446FCD200DC4C4D /* WarCardGameUITests.swift */; };
		BCF00C4B244700B900DC4C4D /* Assets.xcassets in Resources */ = {isa = PBXBuildFile; fileRef = BCF00C4A244700B900DC4C4D /* Assets.xcassets */; };
/* End PBXBuildFile section */

/* Begin PBXContainerItemProxy section */
		BCF00C2E2446FCD200DC4C4D /* PBXContainerItemProxy */ = {
			isa = PBXContainerItemProxy;
			containerPortal = BCF00C0F2446FCCF00DC4C4D /* Project object */;
			proxyType = 1;
			remoteGlobalIDString = BCF00C162446FCCF00DC4C4D;
			remoteInfo = WarCardGame;
		};
		BCF00C392446FCD200DC4C4D /* PBXContainerItemProxy */ = {
			isa = PBXContainerItemProxy;
			containerPortal = BCF00C0F2446FCCF00DC4C4D /* Project object */;
			proxyType = 1;
			remoteGlobalIDString = BCF00C162446FCCF00DC4C4D;
			remoteInfo = WarCardGame;
		};
/* End PBXContainerItemProxy section */

/* Begin PBXFileReference section */
		BCF00C172446FCCF00DC4C4D /* WarCardGame.app */ = {isa = PBXFileReference; explicitFileType = wrapper.application; includeInIndex = 0; path = WarCardGame.app; sourceTree = BUILT_PRODUCTS_DIR; };
		BCF00C1A2446FCD000DC4C4D /* AppDelegate.swift */ = {isa = PBXFileReference; lastKnownFileType = sourcecode.swift; path = AppDelegate.swift; sourceTree = "<group>"; };
		BCF00C1C2446FCD000DC4C4D /* SceneDelegate.swift */ = {isa = PBXFileReference; lastKnownFileType = sourcecode.swift; path = SceneDelegate.swift; sourceTree = "<group>"; };
		BCF00C1E2446FCD000DC4C4D /* ViewController.swift */ = {isa = PBXFileReference; lastKnownFileType = sourcecode.swift; path = ViewController.swift; sourceTree = "<group>"; };
		BCF00C212446FCD000DC4C4D /* Base */ = {isa = PBXFileReference; lastKnownFileType = file.storyboard; name = Base; path = Base.lproj/Main.storyboard; sourceTree = "<group>"; };
		BCF00C232446FCD100DC4C4D /* Assets.xcassets */ = {isa = PBXFileReference; lastKnownFileType = folder.assetcatalog; path = Assets.xcassets; sourceTree = "<group>"; };
		BCF00C262446FCD100DC4C4D /* Base */ = {isa = PBXFileReference; lastKnownFileType = file.storyboard; name = Base; path = Base.lproj/LaunchScreen.storyboard; sourceTree = "<group>"; };
		BCF00C282446FCD100DC4C4D /* Info.plist */ = {isa = PBXFileReference; lastKnownFileType = text.plist.xml; path = Info.plist; sourceTree = "<group>"; };
		BCF00C2D2446FCD200DC4C4D /* WarCardGameTests.xctest */ = {isa = PBXFileReference; explicitFileType = wrapper.cfbundle; includeInIndex = 0; path = WarCardGameTests.xctest; sourceTree = BUILT_PRODUCTS_DIR; };
		BCF00C312446FCD200DC4C4D /* WarCardGameTests.swift */ = {isa = PBXFileReference; lastKnownFileType = sourcecode.swift; path = WarCardGameTests.swift; sourceTree = "<group>"; };
		BCF00C332446FCD200DC4C4D /* Info.plist */ = {isa = PBXFileReference; lastKnownFileType = text.plist.xml; path = Info.plist; sourceTree = "<group>"; };
		BCF00C382446FCD200DC4C4D /* WarCardGameUITests.xctest */ = {isa = PBXFileReference; explicitFileType = wrapper.cfbundle; includeInIndex = 0; path = WarCardGameUITests.xctest; sourceTree = BUILT_PRODUCTS_DIR; };
		BCF00C3C2446FCD200DC4C4D /* WarCardGameUITests.swift */ = {isa = PBXFileReference; lastKnownFileType = sourcecode.swift; path = WarCardGameUITests.swift; sourceTree = "<group>"; };
		BCF00C3E2446FCD200DC4C4D /* Info.plist */ = {isa = PBXFileReference; lastKnownFileType = text.plist.xml; path = Info.plist; sourceTree = "<group>"; };
		BCF00C4A244700B900DC4C4D /* Assets.xcassets */ = {isa = PBXFileReference; lastKnownFileType = folder.assetcatalog; path = Assets.xcassets; sourceTree = "<group>"; };
/* End PBXFileReference section */

/* Begin PBXFrameworksBuildPhase section */
		BCF00C142446FCCF00DC4C4D /* Frameworks */ = {
			isa = PBXFrameworksBuildPhase;
			buildActionMask = 2147483647;
			files = (
			);
			runOnlyForDeploymentPostprocessing = 0;
		};
		BCF00C2A2446FCD200DC4C4D /* Frameworks */ = {
			isa = PBXFrameworksBuildPhase;
			buildActionMask = 2147483647;
			files = (
			);
			runOnlyForDeploymentPostprocessing = 0;
		};
		BCF00C352446FCD200DC4C4D /* Frameworks */ = {
			isa = PBXFrameworksBuildPhase;
			buildActionMask = 2147483647;
			files = (
			);
			runOnlyForDeploymentPostprocessing = 0;
		};
/* End PBXFrameworksBuildPhase section */

/* Begin PBXGroup section */
		BCF00C0E2446FCCF00DC4C4D = {
			isa = PBXGroup;
			children = (
				BCF00C192446FCCF00DC4C4D /* WarCardGame */,
				BCF00C302446FCD200DC4C4D /* WarCardGameTests */,
				BCF00C3B2446FCD200DC4C4D /* WarCardGameUITests */,
				BCF00C182446FCCF00DC4C4D /* Products */,
			);
			sourceTree = "<group>";
		};
		BCF00C182446FCCF00DC4C4D /* Products */ = {
			isa = PBXGroup;
			children = (
				BCF00C172446FCCF00DC4C4D /* WarCardGame.app */,
				BCF00C2D2446FCD200DC4C4D /* WarCardGameTests.xctest */,
				BCF00C382446FCD200DC4C4D /* WarCardGameUITests.xctest */,
			);
			name = Products;
			sourceTree = "<group>";
		};
		BCF00C192446FCCF00DC4C4D /* WarCardGame */ = {
			isa = PBXGroup;
			children = (
				BCF00C1A2446FCD000DC4C4D /* AppDelegate.swift */,
				BCF00C1C2446FCD000DC4C4D /* SceneDelegate.swift */,
				BCF00C1E2446FCD000DC4C4D /* ViewController.swift */,
				BCF00C202446FCD000DC4C4D /* Main.storyboard */,
				BCF00C232446FCD100DC4C4D /* Assets.xcassets */,
				BCF00C4A244700B900DC4C4D /* Assets.xcassets */,
				BCF00C252446FCD100DC4C4D /* LaunchScreen.storyboard */,
				BCF00C282446FCD100DC4C4D /* Info.plist */,
			);
			path = WarCardGame;
			sourceTree = "<group>";
		};
		BCF00C302446FCD200DC4C4D /* WarCardGameTests */ = {
			isa = PBXGroup;
			children = (
				BCF00C312446FCD200DC4C4D /* WarCardGameTests.swift */,
				BCF00C332446FCD200DC4C4D /* Info.plist */,
			);
			path = WarCardGameTests;
			sourceTree = "<group>";
		};
		BCF00C3B2446FCD200DC4C4D /* WarCardGameUITests */ = {
			isa = PBXGroup;
			children = (
				BCF00C3C2446FCD200DC4C4D /* WarCardGameUITests.swift */,
				BCF00C3E2446FCD200DC4C4D /* Info.plist */,
			);
			path = WarCardGameUITests;
			sourceTree = "<group>";
		};
/* End PBXGroup section */

/* Begin PBXNativeTarget section */
		BCF00C162446FCCF00DC4C4D /* WarCardGame */ = {
			isa = PBXNativeTarget;
			buildConfigurationList = BCF00C412446FCD200DC4C4D /* Build configuration list for PBXNativeTarget "WarCardGame" */;
			buildPhases = (
				BCF00C132446FCCF00DC4C4D /* Sources */,
				BCF00C142446FCCF00DC4C4D /* Frameworks */,
				BCF00C152446FCCF00DC4C4D /* Resources */,
			);
			buildRules = (
			);
			dependencies = (
			);
			name = WarCardGame;
			productName = WarCardGame;
			productReference = BCF00C172446FCCF00DC4C4D /* WarCardGame.app */;
			productType = "com.apple.product-type.application";
		};
		BCF00C2C2446FCD200DC4C4D /* WarCardGameTests */ = {
			isa = PBXNativeTarget;
			buildConfigurationList = BCF00C442446FCD200DC4C4D /* Build configuration list for PBXNativeTarget "WarCardGameTests" */;
			buildPhases = (
				BCF00C292446FCD200DC4C4D /* Sources */,
				BCF00C2A2446FCD200DC4C4D /* Frameworks */,
				BCF00C2B2446FCD200DC4C4D /* Resources */,
			);
			buildRules = (
			);
			dependencies = (
				BCF00C2F2446FCD200DC4C4D /* PBXTargetDependency */,
			);
			name = WarCardGameTests;
			productName = WarCardGameTests;
			productReference = BCF00C2D2446FCD200DC4C4D /* WarCardGameTests.xctest */;
			productType = "com.apple.product-type.bundle.unit-test";
		};
		BCF00C372446FCD200DC4C4D /* WarCardGameUITests */ = {
			isa = PBXNativeTarget;
			buildConfigurationList = BCF00C472446FCD200DC4C4D /* Build configuration list for PBXNativeTarget "WarCardGameUITests" */;
			buildPhases = (
				BCF00C342446FCD200DC4C4D /* Sources */,
				BCF00C352446FCD200DC4C4D /* Frameworks */,
				BCF00C362446FCD200DC4C4D /* Resources */,
			);
			buildRules = (
			);
			dependencies = (
				BCF00C3A2446FCD200DC4C4D /* PBXTargetDependency */,
			);
			name = WarCardGameUITests;
			productName = WarCardGameUITests;
			productReference = BCF00C382446FCD200DC4C4D /* WarCardGameUITests.xctest */;
			productType = "com.apple.product-type.bundle.ui-testing";
		};
/* End PBXNativeTarget section */

/* Begin PBXProject section */
		BCF00C0F2446FCCF00DC4C4D /* Project object */ = {
			isa = PBXProject;
			attributes = {
				LastSwiftUpdateCheck = 1100;
				LastUpgradeCheck = 1100;
				ORGANIZATIONNAME = satoama.co.uk;
				TargetAttributes = {
					BCF00C162446FCCF00DC4C4D = {
						CreatedOnToolsVersion = 11.0;
					};
					BCF00C2C2446FCD200DC4C4D = {
						CreatedOnToolsVersion = 11.0;
						TestTargetID = BCF00C162446FCCF00DC4C4D;
					};
					BCF00C372446FCD200DC4C4D = {
						CreatedOnToolsVersion = 11.0;
						TestTargetID = BCF00C162446FCCF00DC4C4D;
					};
				};
			};
			buildConfigurationList = BCF00C122446FCCF00DC4C4D /* Build configuration list for PBXProject "WarCardGame" */;
			compatibilityVersion = "Xcode 9.3";
			developmentRegion = en;
			hasScannedForEncodings = 0;
			knownRegions = (
				en,
				Base,
			);
			mainGroup = BCF00C0E2446FCCF00DC4C4D;
			productRefGroup = BCF00C182446FCCF00DC4C4D /* Products */;
			projectDirPath = "";
			projectRoot = "";
			targets = (
				BCF00C162446FCCF00DC4C4D /* WarCardGame */,
				BCF00C2C2446FCD200DC4C4D /* WarCardGameTests */,
				BCF00C372446FCD200DC4C4D /* WarCardGameUITests */,
			);
		};
/* End PBXProject section */

/* Begin PBXResourcesBuildPhase section */
		BCF00C152446FCCF00DC4C4D /* Resources */ = {
			isa = PBXResourcesBuildPhase;
			buildActionMask = 2147483647;
			files = (
				BCF00C272446FCD100DC4C4D /* LaunchScreen.storyboard in Resources */,
				BCF00C242446FCD100DC4C4D /* Assets.xcassets in Resources */,
				BCF00C4B244700B900DC4C4D /* Assets.xcassets in Resources */,
				BCF00C222446FCD000DC4C4D /* Main.storyboard in Resources */,
			);
			runOnlyForDeploymentPostprocessing = 0;
		};
		BCF00C2B2446FCD200DC4C4D /* Resources */ = {
			isa = PBXResourcesBuildPhase;
			buildActionMask = 2147483647;
			files = (
			);
			runOnlyForDeploymentPostprocessing = 0;
		};
		BCF00C362446FCD200DC4C4D /* Resources */ = {
			isa = PBXResourcesBuildPhase;
			buildActionMask = 2147483647;
			files = (
			);
			runOnlyForDeploymentPostprocessing = 0;
		};
/* End PBXResourcesBuildPhase section */

/* Begin PBXSourcesBuildPhase section */
		BCF00C132446FCCF00DC4C4D /* Sources */ = {
			isa = PBXSourcesBuildPhase;
			buildActionMask = 2147483647;
			files = (
				BCF00C1F2446FCD000DC4C4D /* ViewController.swift in Sources */,
				BCF00C1B2446FCD000DC4C4D /* AppDelegate.swift in Sources */,
				BCF00C1D2446FCD000DC4C4D /* SceneDelegate.swift in Sources */,
			);
			runOnlyForDeploymentPostprocessing = 0;
		};
		BCF00C292446FCD200DC4C4D /* Sources */ = {
			isa = PBXSourcesBuildPhase;
			buildActionMask = 2147483647;
			files = (
				BCF00C322446FCD200DC4C4D /* WarCardGameTests.swift in Sources */,
			);
			runOnlyForDeploymentPostprocessing = 0;
		};
		BCF00C342446FCD200DC4C4D /* Sources */ = {
			isa = PBXSourcesBuildPhase;
			buildActionMask = 2147483647;
			files = (
				BCF00C3D2446FCD200DC4C4D /* WarCardGameUITests.swift in Sources */,
			);
			runOnlyForDeploymentPostprocessing = 0;
		};
/* End PBXSourcesBuildPhase section */

/* Begin PBXTargetDependency section */
		BCF00C2F2446FCD200DC4C4D /* PBXTargetDependency */ = {
			isa = PBXTargetDependency;
			target = BCF00C162446FCCF00DC4C4D /* WarCardGame */;
			targetProxy = BCF00C2E2446FCD200DC4C4D /* PBXContainerItemProxy */;
		};
		BCF00C3A2446FCD200DC4C4D /* PBXTargetDependency */ = {
			isa = PBXTargetDependency;
			target = BCF00C162446FCCF00DC4C4D /* WarCardGame */;
			targetProxy = BCF00C392446FCD200DC4C4D /* PBXContainerItemProxy */;
		};
/* End PBXTargetDependency section */

/* Begin PBXVariantGroup section */
		BCF00C202446FCD000DC4C4D /* Main.storyboard */ = {
			isa = PBXVariantGroup;
			children = (
				BCF00C212446FCD000DC4C4D /* Base */,
			);
			name = Main.storyboard;
			sourceTree = "<group>";
		};
		BCF00C252446FCD100DC4C4D /* LaunchScreen.storyboard */ = {
			isa = PBXVariantGroup;
			children = (
				BCF00C262446FCD100DC4C4D /* Base */,
			);
			name = LaunchScreen.storyboard;
			sourceTree = "<group>";
		};
/* End PBXVariantGroup section */

/* Begin XCBuildConfiguration section */
		BCF00C3F2446FCD200DC4C4D /* Debug */ = {
			isa = XCBuildConfiguration;
			buildSettings = {
				ALWAYS_SEARCH_USER_PATHS = NO;
				CLANG_ANALYZER_NONNULL = YES;
				CLANG_ANALYZER_NUMBER_OBJECT_CONVERSION = YES_AGGRESSIVE;
				CLANG_CXX_LANGUAGE_STANDARD = "gnu++14";
				CLANG_CXX_LIBRARY = "libc++";
				CLANG_ENABLE_MODULES = YES;
				CLANG_ENABLE_OBJC_ARC = YES;
				CLANG_ENABLE_OBJC_WEAK = YES;
				CLANG_WARN_BLOCK_CAPTURE_AUTORELEASING = YES;
				CLANG_WARN_BOOL_CONVERSION = YES;
				CLANG_WARN_COMMA = YES;
				CLANG_WARN_CONSTANT_CONVERSION = YES;
				CLANG_WARN_DEPRECATED_OBJC_IMPLEMENTATIONS = YES;
				CLANG_WARN_DIRECT_OBJC_ISA_USAGE = YES_ERROR;
				CLANG_WARN_DOCUMENTATION_COMMENTS = YES;
				CLANG_WARN_EMPTY_BODY = YES;
				CLANG_WARN_ENUM_CONVERSION = YES;
				CLANG_WARN_INFINITE_RECURSION = YES;
				CLANG_WARN_INT_CONVERSION = YES;
				CLANG_WARN_NON_LITERAL_NULL_CONVERSION = YES;
				CLANG_WARN_OBJC_IMPLICIT_RETAIN_SELF = YES;
				CLANG_WARN_OBJC_LITERAL_CONVERSION = YES;
				CLANG_WARN_OBJC_ROOT_CLASS = YES_ERROR;
				CLANG_WARN_RANGE_LOOP_ANALYSIS = YES;
				CLANG_WARN_STRICT_PROTOTYPES = YES;
				CLANG_WARN_SUSPICIOUS_MOVE = YES;
				CLANG_WARN_UNGUARDED_AVAILABILITY = YES_AGGRESSIVE;
				CLANG_WARN_UNREACHABLE_CODE = YES;
				CLANG_WARN__DUPLICATE_METHOD_MATCH = YES;
				COPY_PHASE_STRIP = NO;
				DEBUG_INFORMATION_FORMAT = dwarf;
				ENABLE_STRICT_OBJC_MSGSEND = YES;
				ENABLE_TESTABILITY = YES;
				GCC_C_LANGUAGE_STANDARD = gnu11;
				GCC_DYNAMIC_NO_PIC = NO;
				GCC_NO_COMMON_BLOCKS = YES;
				GCC_OPTIMIZATION_LEVEL = 0;
				GCC_PREPROCESSOR_DEFINITIONS = (
					"DEBUG=1",
					"$(inherited)",
				);
				GCC_WARN_64_TO_32_BIT_CONVERSION = YES;
				GCC_WARN_ABOUT_RETURN_TYPE = YES_ERROR;
				GCC_WARN_UNDECLARED_SELECTOR = YES;
				GCC_WARN_UNINITIALIZED_AUTOS = YES_AGGRESSIVE;
				GCC_WARN_UNUSED_FUNCTION = YES;
				GCC_WARN_UNUSED_VARIABLE = YES;
				IPHONEOS_DEPLOYMENT_TARGET = 12.4.5;
				MTL_ENABLE_DEBUG_INFO = INCLUDE_SOURCE;
				MTL_FAST_MATH = YES;
				ONLY_ACTIVE_ARCH = YES;
				SDKROOT = iphoneos;
				SWIFT_ACTIVE_COMPILATION_CONDITIONS = DEBUG;
				SWIFT_OPTIMIZATION_LEVEL = "-Onone";
			};
			name = Debug;
		};
		BCF00C402446FCD200DC4C4D /* Release */ = {
			isa = XCBuildConfiguration;
			buildSettings = {
				ALWAYS_SEARCH_USER_PATHS = NO;
				CLANG_ANALYZER_NONNULL = YES;
				CLANG_ANALYZER_NUMBER_OBJECT_CONVERSION = YES_AGGRESSIVE;
				CLANG_CXX_LANGUAGE_STANDARD = "gnu++14";
				CLANG_CXX_LIBRARY = "libc++";
				CLANG_ENABLE_MODULES = YES;
				CLANG_ENABLE_OBJC_ARC = YES;
				CLANG_ENABLE_OBJC_WEAK = YES;
				CLANG_WARN_BLOCK_CAPTURE_AUTORELEASING = YES;
				CLANG_WARN_BOOL_CONVERSION = YES;
				CLANG_WARN_COMMA = YES;
				CLANG_WARN_CONSTANT_CONVERSION = YES;
				CLANG_WARN_DEPRECATED_OBJC_IMPLEMENTATIONS = YES;
				CLANG_WARN_DIRECT_OBJC_ISA_USAGE = YES_ERROR;
				CLANG_WARN_DOCUMENTATION_COMMENTS = YES;
				CLANG_WARN_EMPTY_BODY = YES;
				CLANG_WARN_ENUM_CONVERSION = YES;
				CLANG_WARN_INFINITE_RECURSION = YES;
				CLANG_WARN_INT_CONVERSION = YES;
				CLANG_WARN_NON_LITERAL_NULL_CONVERSION = YES;
				CLANG_WARN_OBJC_IMPLICIT_RETAIN_SELF = YES;
				CLANG_WARN_OBJC_LITERAL_CONVERSION = YES;
				CLANG_WARN_OBJC_ROOT_CLASS = YES_ERROR;
				CLANG_WARN_RANGE_LOOP_ANALYSIS = YES;
				CLANG_WARN_STRICT_PROTOTYPES = YES;
				CLANG_WARN_SUSPICIOUS_MOVE = YES;
				CLANG_WARN_UNGUARDED_AVAILABILITY = YES_AGGRESSIVE;
				CLANG_WARN_UNREACHABLE_CODE = YES;
				CLANG_WARN__DUPLICATE_METHOD_MATCH = YES;
				COPY_PHASE_STRIP = NO;
				DEBUG_INFORMATION_FORMAT = "dwarf-with-dsym";
				ENABLE_NS_ASSERTIONS = NO;
				ENABLE_STRICT_OBJC_MSGSEND = YES;
				GCC_C_LANGUAGE_STANDARD = gnu11;
				GCC_NO_COMMON_BLOCKS = YES;
				GCC_WARN_64_TO_32_BIT_CONVERSION = YES;
				GCC_WARN_ABOUT_RETURN_TYPE = YES_ERROR;
				GCC_WARN_UNDECLARED_SELECTOR = YES;
				GCC_WARN_UNINITIALIZED_AUTOS = YES_AGGRESSIVE;
				GCC_WARN_UNUSED_FUNCTION = YES;
				GCC_WARN_UNUSED_VARIABLE = YES;
				IPHONEOS_DEPLOYMENT_TARGET = 12.4.5;
				MTL_ENABLE_DEBUG_INFO = NO;
				MTL_FAST_MATH = YES;
				SDKROOT = iphoneos;
				SWIFT_COMPILATION_MODE = wholemodule;
				SWIFT_OPTIMIZATION_LEVEL = "-O";
				VALIDATE_PRODUCT = YES;
			};
			name = Release;
		};
		BCF00C422446FCD200DC4C4D /* Debug */ = {
			isa = XCBuildConfiguration;
			buildSettings = {
				ASSETCATALOG_COMPILER_APPICON_NAME = AppIcon;
				CODE_SIGN_STYLE = Automatic;
				DEVELOPMENT_TEAM = N44DR7594Z;
				INFOPLIST_FILE = WarCardGame/Info.plist;
				IPHONEOS_DEPLOYMENT_TARGET = 12.4;
				LD_RUNPATH_SEARCH_PATHS = (
					"$(inherited)",
					"@executable_path/Frameworks",
				);
				PRODUCT_BUNDLE_IDENTIFIER = uk.co.satoama.WarCardGame;
				PRODUCT_NAME = "$(TARGET_NAME)";
				SWIFT_VERSION = 5.0;
				TARGETED_DEVICE_FAMILY = 1;
			};
			name = Debug;
		};
		BCF00C432446FCD200DC4C4D /* Release */ = {
			isa = XCBuildConfiguration;
			buildSettings = {
				ASSETCATALOG_COMPILER_APPICON_NAME = AppIcon;
				CODE_SIGN_STYLE = Automatic;
				DEVELOPMENT_TEAM = N44DR7594Z;
				INFOPLIST_FILE = WarCardGame/Info.plist;
				IPHONEOS_DEPLOYMENT_TARGET = 12.4;
				LD_RUNPATH_SEARCH_PATHS = (
					"$(inherited)",
					"@executable_path/Frameworks",
				);
				PRODUCT_BUNDLE_IDENTIFIER = uk.co.satoama.WarCardGame;
				PRODUCT_NAME = "$(TARGET_NAME)";
				SWIFT_VERSION = 5.0;
				TARGETED_DEVICE_FAMILY = 1;
			};
			name = Release;
		};
		BCF00C452446FCD200DC4C4D /* Debug */ = {
			isa = XCBuildConfiguration;
			buildSettings = {
				ALWAYS_EMBED_SWIFT_STANDARD_LIBRARIES = YES;
				BUNDLE_LOADER = "$(TEST_HOST)";
				CODE_SIGN_STYLE = Automatic;
				INFOPLIST_FILE = WarCardGameTests/Info.plist;
				IPHONEOS_DEPLOYMENT_TARGET = 13.0;
				LD_RUNPATH_SEARCH_PATHS = (
					"$(inherited)",
					"@executable_path/Frameworks",
					"@loader_path/Frameworks",
				);
				PRODUCT_BUNDLE_IDENTIFIER = uk.co.satoama.WarCardGameTests;
				PRODUCT_NAME = "$(TARGET_NAME)";
				SWIFT_VERSION = 5.0;
				TARGETED_DEVICE_FAMILY = "1,2";
				TEST_HOST = "$(BUILT_PRODUCTS_DIR)/WarCardGame.app/WarCardGame";
			};
			name = Debug;
		};
		BCF00C462446FCD200DC4C4D /* Release */ = {
			isa = XCBuildConfiguration;
			buildSettings = {
				ALWAYS_EMBED_SWIFT_STANDARD_LIBRARIES = YES;
				BUNDLE_LOADER = "$(TEST_HOST)";
				CODE_SIGN_STYLE = Automatic;
				INFOPLIST_FILE = WarCardGameTests/Info.plist;
				IPHONEOS_DEPLOYMENT_TARGET = 13.0;
				LD_RUNPATH_SEARCH_PATHS = (
					"$(inherited)",
					"@executable_path/Frameworks",
					"@loader_path/Frameworks",
				);
				PRODUCT_BUNDLE_IDENTIFIER = uk.co.satoama.WarCardGameTests;
				PRODUCT_NAME = "$(TARGET_NAME)";
				SWIFT_VERSION = 5.0;
				TARGETED_DEVICE_FAMILY = "1,2";
				TEST_HOST = "$(BUILT_PRODUCTS_DIR)/WarCardGame.app/WarCardGame";
			};
			name = Release;
		};
		BCF00C482446FCD200DC4C4D /* Debug */ = {
			isa = XCBuildConfiguration;
			buildSettings = {
				ALWAYS_EMBED_SWIFT_STANDARD_LIBRARIES = YES;
				CODE_SIGN_STYLE = Automatic;
				INFOPLIST_FILE = WarCardGameUITests/Info.plist;
				LD_RUNPATH_SEARCH_PATHS = (
					"$(inherited)",
					"@executable_path/Frameworks",
					"@loader_path/Frameworks",
				);
				PRODUCT_BUNDLE_IDENTIFIER = uk.co.satoama.WarCardGameUITests;
				PRODUCT_NAME = "$(TARGET_NAME)";
				SWIFT_VERSION = 5.0;
				TARGETED_DEVICE_FAMILY = "1,2";
				TEST_TARGET_NAME = WarCardGame;
			};
			name = Debug;
		};
		BCF00C492446FCD200DC4C4D /* Release */ = {
			isa = XCBuildConfiguration;
			buildSettings = {
				ALWAYS_EMBED_SWIFT_STANDARD_LIBRARIES = YES;
				CODE_SIGN_STYLE = Automatic;
				INFOPLIST_FILE = WarCardGameUITests/Info.plist;
				LD_RUNPATH_SEARCH_PATHS = (
					"$(inherited)",
					"@executable_path/Frameworks",
					"@loader_path/Frameworks",
				);
				PRODUCT_BUNDLE_IDENTIFIER = uk.co.satoama.WarCardGameUITests;
				PRODUCT_NAME = "$(TARGET_NAME)";
				SWIFT_VERSION = 5.0;
				TARGETED_DEVICE_FAMILY = "1,2";
				TEST_TARGET_NAME = WarCardGame;
			};
			name = Release;
		};
/* End XCBuildConfiguration section */

/* Begin XCConfigurationList section */
		BCF00C122446FCCF00DC4C4D /* Build configuration list for PBXProject "WarCardGame" */ = {
			isa = XCConfigurationList;
			buildConfigurations = (
				BCF00C3F2446FCD200DC4C4D /* Debug */,
				BCF00C402446FCD200DC4C4D /* Release */,
			);
			defaultConfigurationIsVisible = 0;
			defaultConfigurationName = Release;
		};
		BCF00C412446FCD200DC4C4D /* Build configuration list for PBXNativeTarget "WarCardGame" */ = {
			isa = XCConfigurationList;
			buildConfigurations = (
				BCF00C422446FCD200DC4C4D /* Debug */,
				BCF00C432446FCD200DC4C4D /* Release */,
			);
			defaultConfigurationIsVisible = 0;
			defaultConfigurationName = Release;
		};
		BCF00C442446FCD200DC4C4D /* Build configuration list for PBXNativeTarget "WarCardGameTests" */ = {
			isa = XCConfigurationList;
			buildConfigurations = (
				BCF00C452446FCD200DC4C4D /* Debug */,
				BCF00C462446FCD200DC4C4D /* Release */,
			);
			defaultConfigurationIsVisible = 0;
			defaultConfigurationName = Release;
		};
		BCF00C472446FCD200DC4C4D /* Build configuration list for PBXNativeTarget "WarCardGameUITests" */ = {
			isa = XCConfigurationList;
			buildConfigurations = (
				BCF00C482446FCD200DC4C4D /* Debug */,
				BCF00C492446FCD200DC4C4D /* Release */,
			);
			defaultConfigurationIsVisible = 0;
			defaultConfigurationName = Release;
		};
/* End XCConfigurationList section */
	};
	rootObject = BCF00C0F2446FCCF00DC4C4D /* Project object */;
}
